// !$*UTF8*$!
{
	archiveVersion = 1;
	classes = {
	};
	objectVersion = 60;
	objects = {

/* Begin PBXBuildFile section */
		E24834A72EED894400E1DF3D /* Logger.swift in Sources */ = {isa = PBXBuildFile; fileRef = E24834A62EED894400E1DF3D /* Logger.swift */; };
		E24834A82EED894400E1DF3D /* Logger.swift in Sources */ = {isa = PBXBuildFile; fileRef = E24834A62EED894400E1DF3D /* Logger.swift */; };
		OBJ_APP_BUILD /* MedibankNewsApp.swift in Sources */ = {isa = PBXBuildFile; fileRef = OBJ_APP_FILE /* MedibankNewsApp.swift */; };
		OBJ_ARTICLE_BUILD /* Article.swift in Sources */ = {isa = PBXBuildFile; fileRef = OBJ_ARTICLE_FILE /* Article.swift */; };
		OBJ_ASSETS_BUILD /* Assets.xcassets in Resources */ = {isa = PBXBuildFile; fileRef = OBJ_ASSETS_FILE /* Assets.xcassets */; };
		OBJ_CONSTANTS_BUILD /* NewsAPIConstants.swift in Sources */ = {isa = PBXBuildFile; fileRef = OBJ_CONSTANTS_FILE /* NewsAPIConstants.swift */; };
		OBJ_DETAILVIEW_BUILD /* ArticleDetailView.swift in Sources */ = {isa = PBXBuildFile; fileRef = OBJ_DETAILVIEW_FILE /* ArticleDetailView.swift */; };
		OBJ_LISTVIEW_BUILD /* ArticleListView.swift in Sources */ = {isa = PBXBuildFile; fileRef = OBJ_LISTVIEW_FILE /* ArticleListView.swift */; };
		OBJ_LOCALIZABLE_BUILD /* Localizable.strings in Resources */ = {isa = PBXBuildFile; fileRef = OBJ_LOCALIZABLE_FILE /* Localizable.strings */; };
		OBJ_MOCKNEWS_BUILD /* MockNewsService.swift in Sources */ = {isa = PBXBuildFile; fileRef = OBJ_MOCKNEWS_FILE /* MockNewsService.swift */; };
		OBJ_MOCKSAVED_BUILD /* MockSavedArticlesService.swift in Sources */ = {isa = PBXBuildFile; fileRef = OBJ_MOCKSAVED_FILE /* MockSavedArticlesService.swift */; };
		OBJ_NEWSSERVICETEST_BUILD /* NewsServiceTests.swift in Sources */ = {isa = PBXBuildFile; fileRef = OBJ_NEWSSERVICETEST_FILE /* NewsServiceTests.swift */; };
		OBJ_NEWSVIEWMODELTEST_BUILD /* NewsViewModelTests.swift in Sources */ = {isa = PBXBuildFile; fileRef = OBJ_NEWSVIEWMODELTEST_FILE /* NewsViewModelTests.swift */; };
		OBJ_ROW_BUILD /* ArticleRow.swift in Sources */ = {isa = PBXBuildFile; fileRef = OBJ_ROW_FILE /* ArticleRow.swift */; };
		OBJ_SAVEDLISTVIEW_BUILD /* SavedArticlesListView.swift in Sources */ = {isa = PBXBuildFile; fileRef = OBJ_SAVEDLISTVIEW_FILE /* SavedArticlesListView.swift */; };
		OBJ_SAVEDSERVICETEST_BUILD /* SavedArticlesServiceTests.swift in Sources */ = {isa = PBXBuildFile; fileRef = OBJ_SAVEDSERVICETEST_FILE /* SavedArticlesServiceTests.swift */; };
		OBJ_SAVEDSERVICE_BUILD /* SavedArticlesService.swift in Sources */ = {isa = PBXBuildFile; fileRef = OBJ_SAVEDSERVICE_FILE /* SavedArticlesService.swift */; };
		OBJ_SAVEDVIEWMODELTEST_BUILD /* SavedArticlesViewModelTests.swift in Sources */ = {isa = PBXBuildFile; fileRef = OBJ_SAVEDVIEWMODELTEST_FILE /* SavedArticlesViewModelTests.swift */; };
		OBJ_SAVEDVIEWMODEL_BUILD /* SavedArticlesViewModel.swift in Sources */ = {isa = PBXBuildFile; fileRef = OBJ_SAVEDVIEWMODEL_FILE /* SavedArticlesViewModel.swift */; };
		OBJ_SERVICE_BUILD /* NewsService.swift in Sources */ = {isa = PBXBuildFile; fileRef = OBJ_SERVICE_FILE /* NewsService.swift */; };
		OBJ_SOURCESVIEW_BUILD /* SourcesListView.swift in Sources */ = {isa = PBXBuildFile; fileRef = OBJ_SOURCESVIEW_FILE /* SourcesListView.swift */; };
		OBJ_VIEWMODEL_BUILD /* NewsViewModel.swift in Sources */ = {isa = PBXBuildFile; fileRef = OBJ_VIEWMODEL_FILE /* NewsViewModel.swift */; };
		OBJ_WEBVIEW_BUILD /* WebView.swift in Sources */ = {isa = PBXBuildFile; fileRef = OBJ_WEBVIEW_FILE /* WebView.swift */; };
/* End PBXBuildFile section */

/* Begin PBXContainerItemProxy section */
		E24834A52EED88E200E1DF3D /* PBXContainerItemProxy */ = {
			isa = PBXContainerItemProxy;
			containerPortal = OBJ_PROJECT /* Project object */;
			proxyType = 1;
			remoteGlobalIDString = OBJ_MAIN_TARGET;
			remoteInfo = MedibankNews;
		};
/* End PBXContainerItemProxy section */

/* Begin PBXFileReference section */
		E24834A62EED894400E1DF3D /* Logger.swift */ = {isa = PBXFileReference; lastKnownFileType = sourcecode.swift; path = Logger.swift; sourceTree = "<group>"; };
		OBJ_APP_FILE /* MedibankNewsApp.swift */ = {isa = PBXFileReference; lastKnownFileType = sourcecode.swift; path = MedibankNewsApp.swift; sourceTree = "<group>"; };
		OBJ_ARTICLE_FILE /* Article.swift */ = {isa = PBXFileReference; lastKnownFileType = sourcecode.swift; path = Article.swift; sourceTree = "<group>"; };
		OBJ_ASSETS_FILE /* Assets.xcassets */ = {isa = PBXFileReference; lastKnownFileType = folder.assetcatalog; path = Assets.xcassets; sourceTree = "<group>"; };
		OBJ_CONSTANTS_FILE /* NewsAPIConstants.swift */ = {isa = PBXFileReference; lastKnownFileType = sourcecode.swift; path = NewsAPIConstants.swift; sourceTree = "<group>"; };
		OBJ_DETAILVIEW_FILE /* ArticleDetailView.swift */ = {isa = PBXFileReference; lastKnownFileType = sourcecode.swift; path = ArticleDetailView.swift; sourceTree = "<group>"; };
		OBJ_LISTVIEW_FILE /* ArticleListView.swift */ = {isa = PBXFileReference; lastKnownFileType = sourcecode.swift; path = ArticleListView.swift; sourceTree = "<group>"; };
		OBJ_LOCALIZABLE_FILE /* Localizable.strings */ = {isa = PBXFileReference; lastKnownFileType = text.plist.strings; path = Localizable.strings; sourceTree = "<group>"; };
		OBJ_MOCKNEWS_FILE /* MockNewsService.swift */ = {isa = PBXFileReference; lastKnownFileType = sourcecode.swift; path = MockNewsService.swift; sourceTree = "<group>"; };
		OBJ_MOCKSAVED_FILE /* MockSavedArticlesService.swift */ = {isa = PBXFileReference; lastKnownFileType = sourcecode.swift; path = MockSavedArticlesService.swift; sourceTree = "<group>"; };
		OBJ_NEWSSERVICETEST_FILE /* NewsServiceTests.swift */ = {isa = PBXFileReference; lastKnownFileType = sourcecode.swift; path = NewsServiceTests.swift; sourceTree = "<group>"; };
		OBJ_NEWSVIEWMODELTEST_FILE /* NewsViewModelTests.swift */ = {isa = PBXFileReference; lastKnownFileType = sourcecode.swift; path = NewsViewModelTests.swift; sourceTree = "<group>"; };
		OBJ_PLIST_FILE /* Info.plist */ = {isa = PBXFileReference; lastKnownFileType = text.plist.xml; path = Info.plist; sourceTree = "<group>"; };
		OBJ_PRODUCT /* MedibankNews.app */ = {isa = PBXFileReference; explicitFileType = wrapper.application; path = MedibankNews.app; sourceTree = BUILT_PRODUCTS_DIR; };
		OBJ_ROW_FILE /* ArticleRow.swift */ = {isa = PBXFileReference; lastKnownFileType = sourcecode.swift; path = ArticleRow.swift; sourceTree = "<group>"; };
		OBJ_SAVEDLISTVIEW_FILE /* SavedArticlesListView.swift */ = {isa = PBXFileReference; lastKnownFileType = sourcecode.swift; path = SavedArticlesListView.swift; sourceTree = "<group>"; };
		OBJ_SAVEDSERVICETEST_FILE /* SavedArticlesServiceTests.swift */ = {isa = PBXFileReference; lastKnownFileType = sourcecode.swift; path = SavedArticlesServiceTests.swift; sourceTree = "<group>"; };
		OBJ_SAVEDSERVICE_FILE /* SavedArticlesService.swift */ = {isa = PBXFileReference; lastKnownFileType = sourcecode.swift; path = SavedArticlesService.swift; sourceTree = "<group>"; };
		OBJ_SAVEDVIEWMODELTEST_FILE /* SavedArticlesViewModelTests.swift */ = {isa = PBXFileReference; lastKnownFileType = sourcecode.swift; path = SavedArticlesViewModelTests.swift; sourceTree = "<group>"; };
		OBJ_SAVEDVIEWMODEL_FILE /* SavedArticlesViewModel.swift */ = {isa = PBXFileReference; lastKnownFileType = sourcecode.swift; path = SavedArticlesViewModel.swift; sourceTree = "<group>"; };
		OBJ_SERVICE_FILE /* NewsService.swift */ = {isa = PBXFileReference; lastKnownFileType = sourcecode.swift; path = NewsService.swift; sourceTree = "<group>"; };
		OBJ_SOURCESVIEW_FILE /* SourcesListView.swift */ = {isa = PBXFileReference; lastKnownFileType = sourcecode.swift; path = SourcesListView.swift; sourceTree = "<group>"; };
		OBJ_TEST_PRODUCT /* MedibankNewsTests.xctest */ = {isa = PBXFileReference; explicitFileType = wrapper.cfbundle; path = MedibankNewsTests.xctest; sourceTree = BUILT_PRODUCTS_DIR; };
		OBJ_VIEWMODEL_FILE /* NewsViewModel.swift */ = {isa = PBXFileReference; lastKnownFileType = sourcecode.swift; path = NewsViewModel.swift; sourceTree = "<group>"; };
		OBJ_WEBVIEW_FILE /* WebView.swift */ = {isa = PBXFileReference; lastKnownFileType = sourcecode.swift; path = WebView.swift; sourceTree = "<group>"; };
/* End PBXFileReference section */

/* Begin PBXFrameworksBuildPhase section */
		OBJ_FRAMEWORKS_BUILD_PHASE /* Frameworks */ = {
			isa = PBXFrameworksBuildPhase;
			buildActionMask = 2147483647;
			files = (
			);
			runOnlyForDeploymentPostprocessing = 0;
		};
		OBJ_TEST_FRAMEWORKS_BUILD_PHASE /* Frameworks */ = {
			isa = PBXFrameworksBuildPhase;
			buildActionMask = 2147483647;
			files = (
			);
			runOnlyForDeploymentPostprocessing = 0;
		};
/* End PBXFrameworksBuildPhase section */

/* Begin PBXGroup section */
		OBJ_MODELS_GROUP /* Models */ = {
			isa = PBXGroup;
			children = (
				OBJ_ARTICLE_FILE /* Article.swift */,
			);
			path = Models;
			sourceTree = "<group>";
		};
		OBJ_PRODUCTS_GROUP /* Products */ = {
			isa = PBXGroup;
			children = (
				OBJ_PRODUCT /* MedibankNews.app */,
				OBJ_TEST_PRODUCT /* MedibankNewsTests.xctest */,
			);
			name = Products;
			sourceTree = "<group>";
		};
		OBJ_RESOURCES_GROUP /* Resources */ = {
			isa = PBXGroup;
			children = (
				OBJ_ASSETS_FILE /* Assets.xcassets */,
				OBJ_LOCALIZABLE_FILE /* Localizable.strings */,
			);
			path = Resources;
			sourceTree = "<group>";
		};
		OBJ_ROOT_GROUP = {
			isa = PBXGroup;
			children = (
				OBJ_SOURCES_GROUP /* Sources */,
				OBJ_RESOURCES_GROUP /* Resources */,
				OBJ_PLIST_FILE /* Info.plist */,
				OBJ_PRODUCTS_GROUP /* Products */,
				OBJ_TESTS_GROUP /* MedibankNewsTests */,
			);
			sourceTree = "<group>";
		};
		OBJ_SERVICES_GROUP /* Services */ = {
			isa = PBXGroup;
			children = (
				OBJ_SERVICE_FILE /* NewsService.swift */,
				OBJ_CONSTANTS_FILE /* NewsAPIConstants.swift */,
				OBJ_SAVEDSERVICE_FILE /* SavedArticlesService.swift */,
			);
			path = Services;
			sourceTree = "<group>";
		};
		OBJ_SOURCES_GROUP /* Sources */ = {
			isa = PBXGroup;
			children = (
				OBJ_APP_FILE /* MedibankNewsApp.swift */,
				OBJ_MODELS_GROUP /* Models */,
				OBJ_SERVICES_GROUP /* Services */,
				OBJ_VIEWMODELS_GROUP /* ViewModels */,
				OBJ_VIEWS_GROUP /* Views */,
				OBJ_UTILS_GROUP /* Utils */,
			);
			name = Sources;
			sourceTree = "<group>";
		};
		OBJ_TESTS_GROUP /* MedibankNewsTests */ = {
			isa = PBXGroup;
			children = (
				OBJ_TESTS_MOCKS_GROUP /* Mocks */,
				OBJ_TESTS_VIEWMODELS_GROUP /* ViewModels */,
				OBJ_TESTS_SERVICES_GROUP /* Services */,
			);
			path = MedibankNewsTests;
			sourceTree = "<group>";
		};
		OBJ_TESTS_MOCKS_GROUP /* Mocks */ = {
			isa = PBXGroup;
			children = (
				OBJ_MOCKNEWS_FILE /* MockNewsService.swift */,
				OBJ_MOCKSAVED_FILE /* MockSavedArticlesService.swift */,
			);
			path = Mocks;
			sourceTree = "<group>";
		};
		OBJ_TESTS_SERVICES_GROUP /* Services */ = {
			isa = PBXGroup;
			children = (
				OBJ_NEWSSERVICETEST_FILE /* NewsServiceTests.swift */,
				OBJ_SAVEDSERVICETEST_FILE /* SavedArticlesServiceTests.swift */,
			);
			path = Services;
			sourceTree = "<group>";
		};
		OBJ_TESTS_VIEWMODELS_GROUP /* ViewModels */ = {
			isa = PBXGroup;
			children = (
				OBJ_NEWSVIEWMODELTEST_FILE /* NewsViewModelTests.swift */,
				OBJ_SAVEDVIEWMODELTEST_FILE /* SavedArticlesViewModelTests.swift */,
			);
			path = ViewModels;
			sourceTree = "<group>";
		};
		OBJ_UTILS_GROUP /* Utils */ = {
			isa = PBXGroup;
			children = (
				E24834A62EED894400E1DF3D /* Logger.swift */,
			);
			path = Utils;
			sourceTree = "<group>";
		};
		OBJ_VIEWMODELS_GROUP /* ViewModels */ = {
			isa = PBXGroup;
			children = (
				OBJ_VIEWMODEL_FILE /* NewsViewModel.swift */,
				OBJ_SAVEDVIEWMODEL_FILE /* SavedArticlesViewModel.swift */,
			);
			path = ViewModels;
			sourceTree = "<group>";
		};
		OBJ_VIEWS_GROUP /* Views */ = {
			isa = PBXGroup;
			children = (
				OBJ_LISTVIEW_FILE /* ArticleListView.swift */,
				OBJ_ROW_FILE /* ArticleRow.swift */,
				OBJ_SOURCESVIEW_FILE /* SourcesListView.swift */,
				OBJ_WEBVIEW_FILE /* WebView.swift */,
				OBJ_DETAILVIEW_FILE /* ArticleDetailView.swift */,
				OBJ_SAVEDLISTVIEW_FILE /* SavedArticlesListView.swift */,
			);
			path = Views;
			sourceTree = "<group>";
		};
/* End PBXGroup section */

/* Begin PBXNativeTarget section */
		OBJ_MAIN_TARGET /* MedibankNews */ = {
			isa = PBXNativeTarget;
			buildConfigurationList = OBJ_TARGET_CONFIG_LIST /* Build configuration list for PBXNativeTarget "MedibankNews" */;
			buildPhases = (
				OBJ_SOURCES_BUILD_PHASE /* Sources */,
				OBJ_FRAMEWORKS_BUILD_PHASE /* Frameworks */,
				OBJ_RESOURCES_BUILD_PHASE /* Resources */,
			);
			buildRules = (
			);
			dependencies = (
			);
			name = MedibankNews;
			productName = MedibankNews;
			productReference = OBJ_PRODUCT /* MedibankNews.app */;
			productType = "com.apple.product-type.application";
		};
		OBJ_TEST_TARGET /* MedibankNewsTests */ = {
			isa = PBXNativeTarget;
			buildConfigurationList = OBJ_TEST_TARGET_CONFIG_LIST /* Build configuration list for PBXNativeTarget "MedibankNewsTests" */;
			buildPhases = (
				OBJ_TEST_SOURCES_BUILD_PHASE /* Sources */,
				OBJ_TEST_FRAMEWORKS_BUILD_PHASE /* Frameworks */,
			);
			buildRules = (
			);
			dependencies = (
				OBJ_TEST_TARGET_DEPENDENCY /* PBXTargetDependency */,
			);
			name = MedibankNewsTests;
			productName = MedibankNewsTests;
			productReference = OBJ_TEST_PRODUCT /* MedibankNewsTests.xctest */;
			productType = "com.apple.product-type.bundle.unit-test";
		};
/* End PBXNativeTarget section */

/* Begin PBXProject section */
		OBJ_PROJECT /* Project object */ = {
			isa = PBXProject;
			attributes = {
				BuildIndependentTargetsInParallel = YES;
				LastUpgradeCheck = 2610;
				ORGANIZATIONNAME = "Your Org";
				TargetAttributes = {
					OBJ_MAIN_TARGET = {
						ProvisioningStyle = Automatic;
					};
					OBJ_TEST_TARGET = {
						TestTargetID = OBJ_MAIN_TARGET;
					};
				};
			};
			buildConfigurationList = OBJ_PROJECT_CONFIG_LIST /* Build configuration list for PBXProject "MedibankNews" */;
			compatibilityVersion = "Xcode 15.0";
			developmentRegion = en;
			hasScannedForEncodings = 0;
			knownRegions = (
				en,
				Base,
			);
			mainGroup = OBJ_ROOT_GROUP;
			productRefGroup = OBJ_PRODUCTS_GROUP /* Products */;
			projectDirPath = "";
			projectRoot = "";
			targets = (
				OBJ_MAIN_TARGET /* MedibankNews */,
				OBJ_TEST_TARGET /* MedibankNewsTests */,
			);
		};
/* End PBXProject section */

/* Begin PBXResourcesBuildPhase section */
		OBJ_RESOURCES_BUILD_PHASE /* Resources */ = {
			isa = PBXResourcesBuildPhase;
			buildActionMask = 2147483647;
			files = (
				OBJ_ASSETS_BUILD /* Assets.xcassets in Resources */,
				OBJ_LOCALIZABLE_BUILD /* Localizable.strings in Resources */,
			);
			runOnlyForDeploymentPostprocessing = 0;
		};
/* End PBXResourcesBuildPhase section */

/* Begin PBXSourcesBuildPhase section */
		OBJ_SOURCES_BUILD_PHASE /* Sources */ = {
			isa = PBXSourcesBuildPhase;
			buildActionMask = 2147483647;
			files = (
				OBJ_APP_BUILD /* MedibankNewsApp.swift in Sources */,
				OBJ_ARTICLE_BUILD /* Article.swift in Sources */,
				OBJ_CONSTANTS_BUILD /* NewsAPIConstants.swift in Sources */,
				OBJ_SERVICE_BUILD /* NewsService.swift in Sources */,
				OBJ_VIEWMODEL_BUILD /* NewsViewModel.swift in Sources */,
				OBJ_LISTVIEW_BUILD /* ArticleListView.swift in Sources */,
				OBJ_ROW_BUILD /* ArticleRow.swift in Sources */,
				OBJ_SOURCESVIEW_BUILD /* SourcesListView.swift in Sources */,
				OBJ_WEBVIEW_BUILD /* WebView.swift in Sources */,
				E24834A72EED894400E1DF3D /* Logger.swift in Sources */,
				OBJ_DETAILVIEW_BUILD /* ArticleDetailView.swift in Sources */,
				OBJ_SAVEDSERVICE_BUILD /* SavedArticlesService.swift in Sources */,
				OBJ_SAVEDVIEWMODEL_BUILD /* SavedArticlesViewModel.swift in Sources */,
				OBJ_SAVEDLISTVIEW_BUILD /* SavedArticlesListView.swift in Sources */,
			);
			runOnlyForDeploymentPostprocessing = 0;
		};
		OBJ_TEST_SOURCES_BUILD_PHASE /* Sources */ = {
			isa = PBXSourcesBuildPhase;
			buildActionMask = 2147483647;
			files = (
				OBJ_MOCKNEWS_BUILD /* MockNewsService.swift in Sources */,
				OBJ_MOCKSAVED_BUILD /* MockSavedArticlesService.swift in Sources */,
				OBJ_NEWSVIEWMODELTEST_BUILD /* NewsViewModelTests.swift in Sources */,
				OBJ_SAVEDVIEWMODELTEST_BUILD /* SavedArticlesViewModelTests.swift in Sources */,
				E24834A82EED894400E1DF3D /* Logger.swift in Sources */,
				OBJ_NEWSSERVICETEST_BUILD /* NewsServiceTests.swift in Sources */,
				OBJ_SAVEDSERVICETEST_BUILD /* SavedArticlesServiceTests.swift in Sources */,
			);
			runOnlyForDeploymentPostprocessing = 0;
		};
/* End PBXSourcesBuildPhase section */

/* Begin PBXTargetDependency section */
		OBJ_TEST_TARGET_DEPENDENCY /* PBXTargetDependency */ = {
			isa = PBXTargetDependency;
			target = OBJ_MAIN_TARGET /* MedibankNews */;
			targetProxy = E24834A52EED88E200E1DF3D /* PBXContainerItemProxy */;
		};
/* End PBXTargetDependency section */

/* Begin XCBuildConfiguration section */
		OBJ_PROJECT_DEBUG /* Debug */ = {
			isa = XCBuildConfiguration;
			buildSettings = {
				ALWAYS_SEARCH_USER_PATHS = NO;
				CLANG_ANALYZER_NONNULL = YES;
				CLANG_ANALYZER_NUMBER_OBJECT_CONVERSION = YES_AGGRESSIVE;
				CLANG_CXX_LANGUAGE_STANDARD = "gnu++20";
				CLANG_ENABLE_MODULES = YES;
				CLANG_ENABLE_OBJC_ARC = YES;
				CLANG_ENABLE_OBJC_WEAK = YES;
				CLANG_WARN_BLOCK_CAPTURE_AUTORELEASING = YES;
				CLANG_WARN_BOOL_CONVERSION = YES;
				CLANG_WARN_COMMA = YES;
				CLANG_WARN_CONSTANT_CONVERSION = YES;
				CLANG_WARN_DEPRECATED_OBJC_IMPLEMENTATIONS = YES;
				CLANG_WARN_DOCUMENTATION_COMMENTS = YES;
				CLANG_WARN_EMPTY_BODY = YES;
				CLANG_WARN_ENUM_CONVERSION = YES;
				CLANG_WARN_INFINITE_RECURSION = YES;
				CLANG_WARN_INT_CONVERSION = YES;
				CLANG_WARN_NON_LITERAL_NULL_CONVERSION = YES;
				CLANG_WARN_OBJC_IMPLICIT_RETAIN_SELF = YES;
				CLANG_WARN_OBJC_LITERAL_CONVERSION = YES;
				CLANG_WARN_QUOTED_INCLUDE_IN_FRAMEWORK_HEADER = YES;
				CLANG_WARN_RANGE_LOOP_ANALYSIS = YES;
				CLANG_WARN_STRICT_PROTOTYPES = YES;
				CLANG_WARN_SUSPICIOUS_MOVE = YES;
				CLANG_WARN_UNGUARDED_AVAILABILITY = YES_AGGRESSIVE;
				CLANG_WARN_UNREACHABLE_CODE = YES;
				CLANG_WARN__DUPLICATE_METHOD_MATCH = YES;
				COPY_PHASE_STRIP = NO;
				DEBUG_INFORMATION_FORMAT = dwarf;
				ENABLE_STRICT_OBJC_MSGSEND = YES;
				ENABLE_TESTABILITY = YES;
				ENABLE_USER_SCRIPT_SANDBOXING = YES;
				GCC_C_LANGUAGE_STANDARD = gnu17;
				GCC_DYNAMIC_NO_PIC = NO;
				GCC_NO_COMMON_BLOCKS = YES;
				GCC_WARN_64_TO_32_BIT_CONVERSION = YES;
				GCC_WARN_ABOUT_RETURN_TYPE = YES_ERROR;
				GCC_WARN_UNDECLARED_SELECTOR = YES;
				GCC_WARN_UNINITIALIZED_AUTOS = YES_AGGRESSIVE;
				GCC_WARN_UNUSED_FUNCTION = YES;
				GCC_WARN_UNUSED_VARIABLE = YES;
				IPHONEOS_DEPLOYMENT_TARGET = 17.0;
				MTL_ENABLE_DEBUG_INFO = INCLUDE_SOURCE;
				ONLY_ACTIVE_ARCH = YES;
				SDKROOT = iphoneos;
				STRING_CATALOG_GENERATE_SYMBOLS = YES;
				SWIFT_ACTIVE_COMPILATION_CONDITIONS = DEBUG;
				SWIFT_OPTIMIZATION_LEVEL = "-Onone";
				SWIFT_VERSION = 5.0;
				TARGETED_DEVICE_FAMILY = "1,2";
			};
			name = Debug;
		};
		OBJ_PROJECT_RELEASE /* Release */ = {
			isa = XCBuildConfiguration;
			buildSettings = {
				ALWAYS_SEARCH_USER_PATHS = NO;
				CLANG_ANALYZER_NONNULL = YES;
				CLANG_ANALYZER_NUMBER_OBJECT_CONVERSION = YES_AGGRESSIVE;
				CLANG_CXX_LANGUAGE_STANDARD = "gnu++20";
				CLANG_ENABLE_MODULES = YES;
				CLANG_ENABLE_OBJC_ARC = YES;
				CLANG_ENABLE_OBJC_WEAK = YES;
				CLANG_WARN_BLOCK_CAPTURE_AUTORELEASING = YES;
				CLANG_WARN_BOOL_CONVERSION = YES;
				CLANG_WARN_COMMA = YES;
				CLANG_WARN_CONSTANT_CONVERSION = YES;
				CLANG_WARN_DEPRECATED_OBJC_IMPLEMENTATIONS = YES;
				CLANG_WARN_DOCUMENTATION_COMMENTS = YES;
				CLANG_WARN_EMPTY_BODY = YES;
				CLANG_WARN_ENUM_CONVERSION = YES;
				CLANG_WARN_INFINITE_RECURSION = YES;
				CLANG_WARN_INT_CONVERSION = YES;
				CLANG_WARN_NON_LITERAL_NULL_CONVERSION = YES;
				CLANG_WARN_OBJC_IMPLICIT_RETAIN_SELF = YES;
				CLANG_WARN_OBJC_LITERAL_CONVERSION = YES;
				CLANG_WARN_QUOTED_INCLUDE_IN_FRAMEWORK_HEADER = YES;
				CLANG_WARN_RANGE_LOOP_ANALYSIS = YES;
				CLANG_WARN_STRICT_PROTOTYPES = YES;
				CLANG_WARN_SUSPICIOUS_MOVE = YES;
				CLANG_WARN_UNGUARDED_AVAILABILITY = YES_AGGRESSIVE;
				CLANG_WARN_UNREACHABLE_CODE = YES;
				CLANG_WARN__DUPLICATE_METHOD_MATCH = YES;
				COPY_PHASE_STRIP = NO;
				DEBUG_INFORMATION_FORMAT = "dwarf-with-dsym";
				ENABLE_NS_ASSERTIONS = NO;
				ENABLE_STRICT_OBJC_MSGSEND = YES;
				ENABLE_USER_SCRIPT_SANDBOXING = YES;
				GCC_C_LANGUAGE_STANDARD = gnu17;
				GCC_NO_COMMON_BLOCKS = YES;
				GCC_WARN_64_TO_32_BIT_CONVERSION = YES;
				GCC_WARN_ABOUT_RETURN_TYPE = YES_ERROR;
				GCC_WARN_UNDECLARED_SELECTOR = YES;
				GCC_WARN_UNINITIALIZED_AUTOS = YES_AGGRESSIVE;
				GCC_WARN_UNUSED_FUNCTION = YES;
				GCC_WARN_UNUSED_VARIABLE = YES;
				IPHONEOS_DEPLOYMENT_TARGET = 17.0;
				MTL_ENABLE_DEBUG_INFO = NO;
				SDKROOT = iphoneos;
				STRING_CATALOG_GENERATE_SYMBOLS = YES;
				SWIFT_COMPILATION_MODE = wholemodule;
				SWIFT_OPTIMIZATION_LEVEL = "-O";
				SWIFT_VERSION = 5.0;
				TARGETED_DEVICE_FAMILY = "1,2";
				VALIDATE_PRODUCT = YES;
			};
			name = Release;
		};
		OBJ_TARGET_DEBUG /* Debug */ = {
			isa = XCBuildConfiguration;
			buildSettings = {
				ASSETCATALOG_COMPILER_APPICON_NAME = AppIcon;
				CODE_SIGN_STYLE = Automatic;
				DEVELOPMENT_TEAM = "";
				INFOPLIST_FILE = Info.plist;
				IPHONEOS_DEPLOYMENT_TARGET = 17.0;
				LD_RUNPATH_SEARCH_PATHS = (
					"$(inherited)",
					"@executable_path/Frameworks",
				);
				PRODUCT_BUNDLE_IDENTIFIER = com.example.MedibankNews;
				PRODUCT_NAME = "$(TARGET_NAME)";
				SWIFT_EMIT_LOC_STRINGS = YES;
				SWIFT_VERSION = 5.0;
				TARGETED_DEVICE_FAMILY = "1,2";
			};
			name = Debug;
		};
		OBJ_TARGET_RELEASE /* Release */ = {
			isa = XCBuildConfiguration;
			buildSettings = {
				ASSETCATALOG_COMPILER_APPICON_NAME = AppIcon;
				CODE_SIGN_STYLE = Automatic;
				DEVELOPMENT_TEAM = "";
				INFOPLIST_FILE = Info.plist;
				IPHONEOS_DEPLOYMENT_TARGET = 17.0;
				LD_RUNPATH_SEARCH_PATHS = (
					"$(inherited)",
					"@executable_path/Frameworks",
				);
				PRODUCT_BUNDLE_IDENTIFIER = com.example.MedibankNews;
				PRODUCT_NAME = "$(TARGET_NAME)";
				SWIFT_EMIT_LOC_STRINGS = YES;
				SWIFT_VERSION = 5.0;
				TARGETED_DEVICE_FAMILY = "1,2";
			};
			name = Release;
		};
		OBJ_TEST_TARGET_DEBUG /* Debug */ = {
			isa = XCBuildConfiguration;
			buildSettings = {
				ALWAYS_EMBED_SWIFT_STANDARD_LIBRARIES = YES;
				BUNDLE_LOADER = "$(TEST_HOST)";
				CODE_SIGN_STYLE = Automatic;
				DEVELOPMENT_TEAM = "";
				GENERATE_INFOPLIST_FILE = YES;
				IPHONEOS_DEPLOYMENT_TARGET = 17.0;
				LD_RUNPATH_SEARCH_PATHS = (
					"$(inherited)",
					"@executable_path/Frameworks",
					"@loader_path/Frameworks",
				);
				PRODUCT_BUNDLE_IDENTIFIER = com.example.MedibankNewsTests;
				PRODUCT_NAME = "$(TARGET_NAME)";
				SWIFT_ACTIVE_COMPILATION_CONDITIONS = DEBUG;
				SWIFT_OPTIMIZATION_LEVEL = "-Onone";
				SWIFT_VERSION = 5.0;
				TARGETED_DEVICE_FAMILY = "1,2";
				TEST_HOST = "$(BUILT_PRODUCTS_DIR)/MedibankNews.app/MedibankNews";
			};
			name = Debug;
		};
		OBJ_TEST_TARGET_RELEASE /* Release */ = {
			isa = XCBuildConfiguration;
			buildSettings = {
				ALWAYS_EMBED_SWIFT_STANDARD_LIBRARIES = YES;
				BUNDLE_LOADER = "$(TEST_HOST)";
				CODE_SIGN_STYLE = Automatic;
				DEVELOPMENT_TEAM = "";
				GENERATE_INFOPLIST_FILE = YES;
				IPHONEOS_DEPLOYMENT_TARGET = 17.0;
				LD_RUNPATH_SEARCH_PATHS = (
					"$(inherited)",
					"@executable_path/Frameworks",
					"@loader_path/Frameworks",
				);
				PRODUCT_BUNDLE_IDENTIFIER = com.example.MedibankNewsTests;
				PRODUCT_NAME = "$(TARGET_NAME)";
				SWIFT_COMPILATION_MODE = wholemodule;
				SWIFT_OPTIMIZATION_LEVEL = "-O";
				SWIFT_VERSION = 5.0;
				TARGETED_DEVICE_FAMILY = "1,2";
				TEST_HOST = "$(BUILT_PRODUCTS_DIR)/MedibankNews.app/MedibankNews";
			};
			name = Release;
		};
/* End XCBuildConfiguration section */

/* Begin XCConfigurationList section */
		OBJ_PROJECT_CONFIG_LIST /* Build configuration list for PBXProject "MedibankNews" */ = {
			isa = XCConfigurationList;
			buildConfigurations = (
				OBJ_PROJECT_DEBUG /* Debug */,
				OBJ_PROJECT_RELEASE /* Release */,
			);
			defaultConfigurationIsVisible = 0;
			defaultConfigurationName = Release;
		};
		OBJ_TARGET_CONFIG_LIST /* Build configuration list for PBXNativeTarget "MedibankNews" */ = {
			isa = XCConfigurationList;
			buildConfigurations = (
				OBJ_TARGET_DEBUG /* Debug */,
				OBJ_TARGET_RELEASE /* Release */,
			);
			defaultConfigurationIsVisible = 0;
			defaultConfigurationName = Release;
		};
		OBJ_TEST_TARGET_CONFIG_LIST /* Build configuration list for PBXNativeTarget "MedibankNewsTests" */ = {
			isa = XCConfigurationList;
			buildConfigurations = (
				OBJ_TEST_TARGET_DEBUG /* Debug */,
				OBJ_TEST_TARGET_RELEASE /* Release */,
			);
			defaultConfigurationIsVisible = 0;
			defaultConfigurationName = Release;
		};
/* End XCConfigurationList section */
	};
	rootObject = OBJ_PROJECT /* Project object */;
}
